
Microsoft Visual Studio Solution File, Format Version 12.00
# Visual Studio 2013
VisualStudioVersion = 12.0.30110.0
MinimumVisualStudioVersion = 10.0.40219.1
Project("{FAE04EC0-301F-11D3-BF4B-00C04F79EFBC}") = "DaveScriven.CodeSample.Site", "DaveScriven.CodeSample.Site\DaveScriven.CodeSample.Site.csproj", "{C5A9355B-DB2B-4E36-B5D8-C208F3462BDF}"
EndProject
Project("{FAE04EC0-301F-11D3-BF4B-00C04F79EFBC}") = "DaveScriven.CodeSample.Site.Tests", "DaveScriven.CodeSample.Site.Tests\DaveScriven.CodeSample.Site.Tests.csproj", "{75D4C56C-FC7D-48F1-97FA-B80B359AD68D}"
EndProject
Project("{FAE04EC0-301F-11D3-BF4B-00C04F79EFBC}") = "DaveScriven.CodeSample.Domain", "DaveScriven.CodeSample.Domain\DaveScriven.CodeSample.Domain.csproj", "{60E7606E-E61C-4829-B8AB-E20B231F84F9}"
EndProject
Project("{FAE04EC0-301F-11D3-BF4B-00C04F79EFBC}") = "DaveScriven.CodeSample.Data", "DaveScriven.CodeSample.Data\DaveScriven.CodeSample.Data.csproj", "{597340ED-F4B0-4BB4-AAC4-2AF7484BFDA5}"
EndProject
Global
	GlobalSection(SolutionConfigurationPlatforms) = preSolution
		Debug|Any CPU = Debug|Any CPU
		Release|Any CPU = Release|Any CPU
	EndGlobalSection
	GlobalSection(ProjectConfigurationPlatforms) = postSolution
		{C5A9355B-DB2B-4E36-B5D8-C208F3462BDF}.Debug|Any CPU.ActiveCfg = Debug|Any CPU
		{C5A9355B-DB2B-4E36-B5D8-C208F3462BDF}.Debug|Any CPU.Build.0 = Debug|Any CPU
		{C5A9355B-DB2B-4E36-B5D8-C208F3462BDF}.Release|Any CPU.ActiveCfg = Release|Any CPU
		{C5A9355B-DB2B-4E36-B5D8-C208F3462BDF}.Release|Any CPU.Build.0 = Release|Any CPU
		{75D4C56C-FC7D-48F1-97FA-B80B359AD68D}.Debug|Any CPU.ActiveCfg = Debug|Any CPU
		{75D4C56C-FC7D-48F1-97FA-B80B359AD68D}.Debug|Any CPU.Build.0 = Debug|Any CPU
		{75D4C56C-FC7D-48F1-97FA-B80B359AD68D}.Release|Any CPU.ActiveCfg = Release|Any CPU
		{75D4C56C-FC7D-48F1-97FA-B80B359AD68D}.Release|Any CPU.Build.0 = Release|Any CPU
		{60E7606E-E61C-4829-B8AB-E20B231F84F9}.Debug|Any CPU.ActiveCfg = Debug|Any CPU
		{60E7606E-E61C-4829-B8AB-E20B231F84F9}.Debug|Any CPU.Build.0 = Debug|Any CPU
		{60E7606E-E61C-4829-B8AB-E20B231F84F9}.Release|Any CPU.ActiveCfg = Release|Any CPU
		{60E7606E-E61C-4829-B8AB-E20B231F84F9}.Release|Any CPU.Build.0 = Release|Any CPU
		{597340ED-F4B0-4BB4-AAC4-2AF7484BFDA5}.Debug|Any CPU.ActiveCfg = Debug|Any CPU
		{597340ED-F4B0-4BB4-AAC4-2AF7484BFDA5}.Debug|Any CPU.Build.0 = Debug|Any CPU
		{597340ED-F4B0-4BB4-AAC4-2AF7484BFDA5}.Release|Any CPU.ActiveCfg = Release|Any CPU
		{597340ED-F4B0-4BB4-AAC4-2AF7484BFDA5}.Release|Any CPU.Build.0 = Release|Any CPU
	EndGlobalSection
	GlobalSection(SolutionProperties) = preSolution
		HideSolutionNode = FALSE
	EndGlobalSection
EndGlobal
